// !$*UTF8*$!
{
	archiveVersion = 1;
	classes = {
	};
	objectVersion = 55;
	objects = {

/* Begin PBXBuildFile section */
		98004B4B28D2C50A00BEB29D /* Alamofire in Frameworks */ = {isa = PBXBuildFile; productRef = 98004B4A28D2C50A00BEB29D /* Alamofire */; };
		98004B4E28D2C51700BEB29D /* Kingfisher in Frameworks */ = {isa = PBXBuildFile; productRef = 98004B4D28D2C51700BEB29D /* Kingfisher */; };
		98004B5128D2C52A00BEB29D /* SwiftyJSON in Frameworks */ = {isa = PBXBuildFile; productRef = 98004B5028D2C52A00BEB29D /* SwiftyJSON */; };
		98004B5328D2CDD400BEB29D /* TMDBModel.swift in Sources */ = {isa = PBXBuildFile; fileRef = 98004B5228D2CDD400BEB29D /* TMDBModel.swift */; };
		9894586828D7620000203DC3 /* APIManager.swift in Sources */ = {isa = PBXBuildFile; fileRef = 9894586728D7620000203DC3 /* APIManager.swift */; };
		98B621CC28D4280A004FE826 /* MovieDetailsViewController.swift in Sources */ = {isa = PBXBuildFile; fileRef = 98B621CB28D4280A004FE826 /* MovieDetailsViewController.swift */; };
		98B621DB28D42C61004FE826 /* MovieDetailsTableViewCell.swift in Sources */ = {isa = PBXBuildFile; fileRef = 98B621D928D42C61004FE826 /* MovieDetailsTableViewCell.swift */; };
		98B621DC28D42C61004FE826 /* MovieDetailsTableViewCell.xib in Resources */ = {isa = PBXBuildFile; fileRef = 98B621DA28D42C61004FE826 /* MovieDetailsTableViewCell.xib */; };
		98B621E128D4D4A9004FE826 /* WebViewController.swift in Sources */ = {isa = PBXBuildFile; fileRef = 98B621E028D4D4A9004FE826 /* WebViewController.swift */; };
		98B621E428D4D6FD004FE826 /* WebKit.framework in Frameworks */ = {isa = PBXBuildFile; fileRef = 98B621E328D4D6FD004FE826 /* WebKit.framework */; };
		98E23C7E28D1F63D0007DFAE /* AppDelegate.swift in Sources */ = {isa = PBXBuildFile; fileRef = 98E23C7D28D1F63D0007DFAE /* AppDelegate.swift */; };
		98E23C8028D1F63D0007DFAE /* SceneDelegate.swift in Sources */ = {isa = PBXBuildFile; fileRef = 98E23C7F28D1F63D0007DFAE /* SceneDelegate.swift */; };
		98E23C8228D1F63D0007DFAE /* ViewController.swift in Sources */ = {isa = PBXBuildFile; fileRef = 98E23C8128D1F63D0007DFAE /* ViewController.swift */; };
		98E23C8528D1F63D0007DFAE /* Main.storyboard in Resources */ = {isa = PBXBuildFile; fileRef = 98E23C8328D1F63D0007DFAE /* Main.storyboard */; };
		98E23C8728D1F63E0007DFAE /* Assets.xcassets in Resources */ = {isa = PBXBuildFile; fileRef = 98E23C8628D1F63E0007DFAE /* Assets.xcassets */; };
		98E23C8A28D1F63E0007DFAE /* LaunchScreen.storyboard in Resources */ = {isa = PBXBuildFile; fileRef = 98E23C8828D1F63E0007DFAE /* LaunchScreen.storyboard */; };
		98E23C9528D1F7520007DFAE /* .gitignore in Resources */ = {isa = PBXBuildFile; fileRef = 98E23C9428D1F7520007DFAE /* .gitignore */; };
		98E23C9728D1F8150007DFAE /* APIKey.swift in Sources */ = {isa = PBXBuildFile; fileRef = 98E23C9628D1F8150007DFAE /* APIKey.swift */; };
		98E23C9928D1F8910007DFAE /* TestViewController.swift in Sources */ = {isa = PBXBuildFile; fileRef = 98E23C9828D1F8910007DFAE /* TestViewController.swift */; };
		98E23C9C28D1F9CC0007DFAE /* GitIgnoreExample.swift in Sources */ = {isa = PBXBuildFile; fileRef = 98E23C9B28D1F9CC0007DFAE /* GitIgnoreExample.swift */; };
		98E23C9F28D1FAC60007DFAE /* GitIgnoreExample2.swift in Sources */ = {isa = PBXBuildFile; fileRef = 98E23C9E28D1FAC60007DFAE /* GitIgnoreExample2.swift */; };
		98E23CA828D2B39F0007DFAE /* TMDBViewController.swift in Sources */ = {isa = PBXBuildFile; fileRef = 98E23CA728D2B39F0007DFAE /* TMDBViewController.swift */; };
		98E23CAC28D2B4180007DFAE /* TMDBTableViewCell.swift in Sources */ = {isa = PBXBuildFile; fileRef = 98E23CAA28D2B4180007DFAE /* TMDBTableViewCell.swift */; };
		98E23CAD28D2B4180007DFAE /* TMDBTableViewCell.xib in Resources */ = {isa = PBXBuildFile; fileRef = 98E23CAB28D2B4180007DFAE /* TMDBTableViewCell.xib */; };
/* End PBXBuildFile section */

/* Begin PBXFileReference section */
		98004B5228D2CDD400BEB29D /* TMDBModel.swift */ = {isa = PBXFileReference; lastKnownFileType = sourcecode.swift; path = TMDBModel.swift; sourceTree = "<group>"; };
		9894586728D7620000203DC3 /* APIManager.swift */ = {isa = PBXFileReference; lastKnownFileType = sourcecode.swift; path = APIManager.swift; sourceTree = "<group>"; };
		98B621CB28D4280A004FE826 /* MovieDetailsViewController.swift */ = {isa = PBXFileReference; lastKnownFileType = sourcecode.swift; path = MovieDetailsViewController.swift; sourceTree = "<group>"; };
		98B621D928D42C61004FE826 /* MovieDetailsTableViewCell.swift */ = {isa = PBXFileReference; lastKnownFileType = sourcecode.swift; path = MovieDetailsTableViewCell.swift; sourceTree = "<group>"; };
		98B621DA28D42C61004FE826 /* MovieDetailsTableViewCell.xib */ = {isa = PBXFileReference; lastKnownFileType = file.xib; path = MovieDetailsTableViewCell.xib; sourceTree = "<group>"; };
		98B621E028D4D4A9004FE826 /* WebViewController.swift */ = {isa = PBXFileReference; lastKnownFileType = sourcecode.swift; path = WebViewController.swift; sourceTree = "<group>"; };
		98B621E328D4D6FD004FE826 /* WebKit.framework */ = {isa = PBXFileReference; lastKnownFileType = wrapper.framework; name = WebKit.framework; path = System/Library/Frameworks/WebKit.framework; sourceTree = SDKROOT; };
		98E23C7A28D1F63D0007DFAE /* TMDB_Assignment.app */ = {isa = PBXFileReference; explicitFileType = wrapper.application; includeInIndex = 0; path = TMDB_Assignment.app; sourceTree = BUILT_PRODUCTS_DIR; };
		98E23C7D28D1F63D0007DFAE /* AppDelegate.swift */ = {isa = PBXFileReference; lastKnownFileType = sourcecode.swift; path = AppDelegate.swift; sourceTree = "<group>"; };
		98E23C7F28D1F63D0007DFAE /* SceneDelegate.swift */ = {isa = PBXFileReference; lastKnownFileType = sourcecode.swift; path = SceneDelegate.swift; sourceTree = "<group>"; };
		98E23C8128D1F63D0007DFAE /* ViewController.swift */ = {isa = PBXFileReference; lastKnownFileType = sourcecode.swift; path = ViewController.swift; sourceTree = "<group>"; };
		98E23C8428D1F63D0007DFAE /* Base */ = {isa = PBXFileReference; lastKnownFileType = file.storyboard; name = Base; path = Base.lproj/Main.storyboard; sourceTree = "<group>"; };
		98E23C8628D1F63E0007DFAE /* Assets.xcassets */ = {isa = PBXFileReference; lastKnownFileType = folder.assetcatalog; path = Assets.xcassets; sourceTree = "<group>"; };
		98E23C8928D1F63E0007DFAE /* Base */ = {isa = PBXFileReference; lastKnownFileType = file.storyboard; name = Base; path = Base.lproj/LaunchScreen.storyboard; sourceTree = "<group>"; };
		98E23C8B28D1F63E0007DFAE /* Info.plist */ = {isa = PBXFileReference; lastKnownFileType = text.plist.xml; path = Info.plist; sourceTree = "<group>"; };
		98E23C9428D1F7520007DFAE /* .gitignore */ = {isa = PBXFileReference; lastKnownFileType = text; path = .gitignore; sourceTree = "<group>"; };
		98E23C9628D1F8150007DFAE /* APIKey.swift */ = {isa = PBXFileReference; lastKnownFileType = sourcecode.swift; path = APIKey.swift; sourceTree = "<group>"; };
		98E23C9828D1F8910007DFAE /* TestViewController.swift */ = {isa = PBXFileReference; lastKnownFileType = sourcecode.swift; path = TestViewController.swift; sourceTree = "<group>"; };
		98E23C9B28D1F9CC0007DFAE /* GitIgnoreExample.swift */ = {isa = PBXFileReference; lastKnownFileType = sourcecode.swift; path = GitIgnoreExample.swift; sourceTree = "<group>"; };
		98E23C9E28D1FAC60007DFAE /* GitIgnoreExample2.swift */ = {isa = PBXFileReference; lastKnownFileType = sourcecode.swift; path = GitIgnoreExample2.swift; sourceTree = "<group>"; };
		98E23CA728D2B39F0007DFAE /* TMDBViewController.swift */ = {isa = PBXFileReference; lastKnownFileType = sourcecode.swift; path = TMDBViewController.swift; sourceTree = "<group>"; };
		98E23CAA28D2B4180007DFAE /* TMDBTableViewCell.swift */ = {isa = PBXFileReference; lastKnownFileType = sourcecode.swift; path = TMDBTableViewCell.swift; sourceTree = "<group>"; };
		98E23CAB28D2B4180007DFAE /* TMDBTableViewCell.xib */ = {isa = PBXFileReference; lastKnownFileType = file.xib; path = TMDBTableViewCell.xib; sourceTree = "<group>"; };
/* End PBXFileReference section */

/* Begin PBXFrameworksBuildPhase section */
		98E23C7728D1F63D0007DFAE /* Frameworks */ = {
			isa = PBXFrameworksBuildPhase;
			buildActionMask = 2147483647;
			files = (
				98B621E428D4D6FD004FE826 /* WebKit.framework in Frameworks */,
				98004B5128D2C52A00BEB29D /* SwiftyJSON in Frameworks */,
				98004B4E28D2C51700BEB29D /* Kingfisher in Frameworks */,
				98004B4B28D2C50A00BEB29D /* Alamofire in Frameworks */,
			);
			runOnlyForDeploymentPostprocessing = 0;
		};
/* End PBXFrameworksBuildPhase section */

/* Begin PBXGroup section */
		98B621E228D4D6FD004FE826 /* Frameworks */ = {
			isa = PBXGroup;
			children = (
				98B621E328D4D6FD004FE826 /* WebKit.framework */,
			);
			name = Frameworks;
			sourceTree = "<group>";
		};
		98E23C7128D1F63D0007DFAE = {
			isa = PBXGroup;
			children = (
				98E23C9428D1F7520007DFAE /* .gitignore */,
				98E23C7C28D1F63D0007DFAE /* TMDB_Assignment */,
				98E23C7B28D1F63D0007DFAE /* Products */,
				98B621E228D4D6FD004FE826 /* Frameworks */,
			);
			sourceTree = "<group>";
		};
		98E23C7B28D1F63D0007DFAE /* Products */ = {
			isa = PBXGroup;
			children = (
				98E23C7A28D1F63D0007DFAE /* TMDB_Assignment.app */,
			);
			name = Products;
			sourceTree = "<group>";
		};
		98E23C7C28D1F63D0007DFAE /* TMDB_Assignment */ = {
			isa = PBXGroup;
			children = (
				98E23C9D28D1FA450007DFAE /* Resource */,
				98E23C9A28D1F9B00007DFAE /* Key */,
				98E23C7D28D1F63D0007DFAE /* AppDelegate.swift */,
				98E23C7F28D1F63D0007DFAE /* SceneDelegate.swift */,
				98E23C8128D1F63D0007DFAE /* ViewController.swift */,
				98E23C8328D1F63D0007DFAE /* Main.storyboard */,
				98E23CA928D2B3DD0007DFAE /* TMDB */,
				98E23C8628D1F63E0007DFAE /* Assets.xcassets */,
				98E23C8828D1F63E0007DFAE /* LaunchScreen.storyboard */,
				98E23C8B28D1F63E0007DFAE /* Info.plist */,
				98E23C9828D1F8910007DFAE /* TestViewController.swift */,
			);
			path = TMDB_Assignment;
			sourceTree = "<group>";
		};
		98E23C9A28D1F9B00007DFAE /* Key */ = {
			isa = PBXGroup;
			children = (
				98E23C9B28D1F9CC0007DFAE /* GitIgnoreExample.swift */,
				98E23C9628D1F8150007DFAE /* APIKey.swift */,
				9894586728D7620000203DC3 /* APIManager.swift */,
			);
			path = Key;
			sourceTree = "<group>";
		};
		98E23C9D28D1FA450007DFAE /* Resource */ = {
			isa = PBXGroup;
			children = (
				98E23C9E28D1FAC60007DFAE /* GitIgnoreExample2.swift */,
			);
			path = Resource;
			sourceTree = "<group>";
		};
		98E23CA928D2B3DD0007DFAE /* TMDB */ = {
			isa = PBXGroup;
			children = (
				98E23CA728D2B39F0007DFAE /* TMDBViewController.swift */,
				98E23CAA28D2B4180007DFAE /* TMDBTableViewCell.swift */,
				98E23CAB28D2B4180007DFAE /* TMDBTableViewCell.xib */,
				98004B5228D2CDD400BEB29D /* TMDBModel.swift */,
				98B621CB28D4280A004FE826 /* MovieDetailsViewController.swift */,
				98B621D928D42C61004FE826 /* MovieDetailsTableViewCell.swift */,
				98B621DA28D42C61004FE826 /* MovieDetailsTableViewCell.xib */,
				98B621E028D4D4A9004FE826 /* WebViewController.swift */,
			);
			path = TMDB;
			sourceTree = "<group>";
		};
/* End PBXGroup section */

/* Begin PBXNativeTarget section */
		98E23C7928D1F63D0007DFAE /* TMDB_Assignment */ = {
			isa = PBXNativeTarget;
			buildConfigurationList = 98E23C8E28D1F63E0007DFAE /* Build configuration list for PBXNativeTarget "TMDB_Assignment" */;
			buildPhases = (
				98E23C7628D1F63D0007DFAE /* Sources */,
				98E23C7728D1F63D0007DFAE /* Frameworks */,
				98E23C7828D1F63D0007DFAE /* Resources */,
			);
			buildRules = (
			);
			dependencies = (
			);
			name = TMDB_Assignment;
			packageProductDependencies = (
				98004B4A28D2C50A00BEB29D /* Alamofire */,
				98004B4D28D2C51700BEB29D /* Kingfisher */,
				98004B5028D2C52A00BEB29D /* SwiftyJSON */,
			);
			productName = TMDB_Assignment;
			productReference = 98E23C7A28D1F63D0007DFAE /* TMDB_Assignment.app */;
			productType = "com.apple.product-type.application";
		};
/* End PBXNativeTarget section */

/* Begin PBXProject section */
		98E23C7228D1F63D0007DFAE /* Project object */ = {
			isa = PBXProject;
			attributes = {
				BuildIndependentTargetsInParallel = 1;
				LastSwiftUpdateCheck = 1340;
				LastUpgradeCheck = 1340;
				TargetAttributes = {
					98E23C7928D1F63D0007DFAE = {
						CreatedOnToolsVersion = 13.4.1;
					};
				};
			};
			buildConfigurationList = 98E23C7528D1F63D0007DFAE /* Build configuration list for PBXProject "TMDB_Assignment" */;
			compatibilityVersion = "Xcode 13.0";
			developmentRegion = en;
			hasScannedForEncodings = 0;
			knownRegions = (
				en,
				Base,
			);
			mainGroup = 98E23C7128D1F63D0007DFAE;
			packageReferences = (
				98004B4928D2C50A00BEB29D /* XCRemoteSwiftPackageReference "Alamofire" */,
				98004B4C28D2C51600BEB29D /* XCRemoteSwiftPackageReference "Kingfisher" */,
				98004B4F28D2C52A00BEB29D /* XCRemoteSwiftPackageReference "SwiftyJSON" */,
			);
			productRefGroup = 98E23C7B28D1F63D0007DFAE /* Products */;
			projectDirPath = "";
			projectRoot = "";
			targets = (
				98E23C7928D1F63D0007DFAE /* TMDB_Assignment */,
			);
		};
/* End PBXProject section */

/* Begin PBXResourcesBuildPhase section */
		98E23C7828D1F63D0007DFAE /* Resources */ = {
			isa = PBXResourcesBuildPhase;
			buildActionMask = 2147483647;
			files = (
				98E23C9528D1F7520007DFAE /* .gitignore in Resources */,
				98B621DC28D42C61004FE826 /* MovieDetailsTableViewCell.xib in Resources */,
				98E23C8A28D1F63E0007DFAE /* LaunchScreen.storyboard in Resources */,
				98E23CAD28D2B4180007DFAE /* TMDBTableViewCell.xib in Resources */,
				98E23C8728D1F63E0007DFAE /* Assets.xcassets in Resources */,
				98E23C8528D1F63D0007DFAE /* Main.storyboard in Resources */,
			);
			runOnlyForDeploymentPostprocessing = 0;
		};
/* End PBXResourcesBuildPhase section */

/* Begin PBXSourcesBuildPhase section */
		98E23C7628D1F63D0007DFAE /* Sources */ = {
			isa = PBXSourcesBuildPhase;
			buildActionMask = 2147483647;
			files = (
				98E23C9928D1F8910007DFAE /* TestViewController.swift in Sources */,
				98E23CAC28D2B4180007DFAE /* TMDBTableViewCell.swift in Sources */,
				98E23CA828D2B39F0007DFAE /* TMDBViewController.swift in Sources */,
				98B621DB28D42C61004FE826 /* MovieDetailsTableViewCell.swift in Sources */,
				98004B5328D2CDD400BEB29D /* TMDBModel.swift in Sources */,
				98E23C8228D1F63D0007DFAE /* ViewController.swift in Sources */,
				9894586828D7620000203DC3 /* APIManager.swift in Sources */,
				98B621CC28D4280A004FE826 /* MovieDetailsViewController.swift in Sources */,
				98E23C7E28D1F63D0007DFAE /* AppDelegate.swift in Sources */,
				98E23C9C28D1F9CC0007DFAE /* GitIgnoreExample.swift in Sources */,
				98E23C9728D1F8150007DFAE /* APIKey.swift in Sources */,
				98E23C9F28D1FAC60007DFAE /* GitIgnoreExample2.swift in Sources */,
				98B621E128D4D4A9004FE826 /* WebViewController.swift in Sources */,
				98E23C8028D1F63D0007DFAE /* SceneDelegate.swift in Sources */,
			);
			runOnlyForDeploymentPostprocessing = 0;
		};
/* End PBXSourcesBuildPhase section */

/* Begin PBXVariantGroup section */
		98E23C8328D1F63D0007DFAE /* Main.storyboard */ = {
			isa = PBXVariantGroup;
			children = (
				98E23C8428D1F63D0007DFAE /* Base */,
			);
			name = Main.storyboard;
			sourceTree = "<group>";
		};
		98E23C8828D1F63E0007DFAE /* LaunchScreen.storyboard */ = {
			isa = PBXVariantGroup;
			children = (
				98E23C8928D1F63E0007DFAE /* Base */,
			);
			name = LaunchScreen.storyboard;
			sourceTree = "<group>";
		};
/* End PBXVariantGroup section */

/* Begin XCBuildConfiguration section */
		98E23C8C28D1F63E0007DFAE /* Debug */ = {
			isa = XCBuildConfiguration;
			buildSettings = {
				ALWAYS_SEARCH_USER_PATHS = NO;
				CLANG_ANALYZER_NONNULL = YES;
				CLANG_ANALYZER_NUMBER_OBJECT_CONVERSION = YES_AGGRESSIVE;
				CLANG_CXX_LANGUAGE_STANDARD = "gnu++17";
				CLANG_ENABLE_MODULES = YES;
				CLANG_ENABLE_OBJC_ARC = YES;
				CLANG_ENABLE_OBJC_WEAK = YES;
				CLANG_WARN_BLOCK_CAPTURE_AUTORELEASING = YES;
				CLANG_WARN_BOOL_CONVERSION = YES;
				CLANG_WARN_COMMA = YES;
				CLANG_WARN_CONSTANT_CONVERSION = YES;
				CLANG_WARN_DEPRECATED_OBJC_IMPLEMENTATIONS = YES;
				CLANG_WARN_DIRECT_OBJC_ISA_USAGE = YES_ERROR;
				CLANG_WARN_DOCUMENTATION_COMMENTS = YES;
				CLANG_WARN_EMPTY_BODY = YES;
				CLANG_WARN_ENUM_CONVERSION = YES;
				CLANG_WARN_INFINITE_RECURSION = YES;
				CLANG_WARN_INT_CONVERSION = YES;
				CLANG_WARN_NON_LITERAL_NULL_CONVERSION = YES;
				CLANG_WARN_OBJC_IMPLICIT_RETAIN_SELF = YES;
				CLANG_WARN_OBJC_LITERAL_CONVERSION = YES;
				CLANG_WARN_OBJC_ROOT_CLASS = YES_ERROR;
				CLANG_WARN_QUOTED_INCLUDE_IN_FRAMEWORK_HEADER = YES;
				CLANG_WARN_RANGE_LOOP_ANALYSIS = YES;
				CLANG_WARN_STRICT_PROTOTYPES = YES;
				CLANG_WARN_SUSPICIOUS_MOVE = YES;
				CLANG_WARN_UNGUARDED_AVAILABILITY = YES_AGGRESSIVE;
				CLANG_WARN_UNREACHABLE_CODE = YES;
				CLANG_WARN__DUPLICATE_METHOD_MATCH = YES;
				COPY_PHASE_STRIP = NO;
				DEBUG_INFORMATION_FORMAT = dwarf;
				ENABLE_STRICT_OBJC_MSGSEND = YES;
				ENABLE_TESTABILITY = YES;
				GCC_C_LANGUAGE_STANDARD = gnu11;
				GCC_DYNAMIC_NO_PIC = NO;
				GCC_NO_COMMON_BLOCKS = YES;
				GCC_OPTIMIZATION_LEVEL = 0;
				GCC_PREPROCESSOR_DEFINITIONS = (
					"DEBUG=1",
					"$(inherited)",
				);
				GCC_WARN_64_TO_32_BIT_CONVERSION = YES;
				GCC_WARN_ABOUT_RETURN_TYPE = YES_ERROR;
				GCC_WARN_UNDECLARED_SELECTOR = YES;
				GCC_WARN_UNINITIALIZED_AUTOS = YES_AGGRESSIVE;
				GCC_WARN_UNUSED_FUNCTION = YES;
				GCC_WARN_UNUSED_VARIABLE = YES;
				IPHONEOS_DEPLOYMENT_TARGET = 15.5;
				MTL_ENABLE_DEBUG_INFO = INCLUDE_SOURCE;
				MTL_FAST_MATH = YES;
				ONLY_ACTIVE_ARCH = YES;
				SDKROOT = iphoneos;
				SWIFT_ACTIVE_COMPILATION_CONDITIONS = DEBUG;
				SWIFT_OPTIMIZATION_LEVEL = "-Onone";
			};
			name = Debug;
		};
		98E23C8D28D1F63E0007DFAE /* Release */ = {
			isa = XCBuildConfiguration;
			buildSettings = {
				ALWAYS_SEARCH_USER_PATHS = NO;
				CLANG_ANALYZER_NONNULL = YES;
				CLANG_ANALYZER_NUMBER_OBJECT_CONVERSION = YES_AGGRESSIVE;
				CLANG_CXX_LANGUAGE_STANDARD = "gnu++17";
				CLANG_ENABLE_MODULES = YES;
				CLANG_ENABLE_OBJC_ARC = YES;
				CLANG_ENABLE_OBJC_WEAK = YES;
				CLANG_WARN_BLOCK_CAPTURE_AUTORELEASING = YES;
				CLANG_WARN_BOOL_CONVERSION = YES;
				CLANG_WARN_COMMA = YES;
				CLANG_WARN_CONSTANT_CONVERSION = YES;
				CLANG_WARN_DEPRECATED_OBJC_IMPLEMENTATIONS = YES;
				CLANG_WARN_DIRECT_OBJC_ISA_USAGE = YES_ERROR;
				CLANG_WARN_DOCUMENTATION_COMMENTS = YES;
				CLANG_WARN_EMPTY_BODY = YES;
				CLANG_WARN_ENUM_CONVERSION = YES;
				CLANG_WARN_INFINITE_RECURSION = YES;
				CLANG_WARN_INT_CONVERSION = YES;
				CLANG_WARN_NON_LITERAL_NULL_CONVERSION = YES;
				CLANG_WARN_OBJC_IMPLICIT_RETAIN_SELF = YES;
				CLANG_WARN_OBJC_LITERAL_CONVERSION = YES;
				CLANG_WARN_OBJC_ROOT_CLASS = YES_ERROR;
				CLANG_WARN_QUOTED_INCLUDE_IN_FRAMEWORK_HEADER = YES;
				CLANG_WARN_RANGE_LOOP_ANALYSIS = YES;
				CLANG_WARN_STRICT_PROTOTYPES = YES;
				CLANG_WARN_SUSPICIOUS_MOVE = YES;
				CLANG_WARN_UNGUARDED_AVAILABILITY = YES_AGGRESSIVE;
				CLANG_WARN_UNREACHABLE_CODE = YES;
				CLANG_WARN__DUPLICATE_METHOD_MATCH = YES;
				COPY_PHASE_STRIP = NO;
				DEBUG_INFORMATION_FORMAT = "dwarf-with-dsym";
				ENABLE_NS_ASSERTIONS = NO;
				ENABLE_STRICT_OBJC_MSGSEND = YES;
				GCC_C_LANGUAGE_STANDARD = gnu11;
				GCC_NO_COMMON_BLOCKS = YES;
				GCC_WARN_64_TO_32_BIT_CONVERSION = YES;
				GCC_WARN_ABOUT_RETURN_TYPE = YES_ERROR;
				GCC_WARN_UNDECLARED_SELECTOR = YES;
				GCC_WARN_UNINITIALIZED_AUTOS = YES_AGGRESSIVE;
				GCC_WARN_UNUSED_FUNCTION = YES;
				GCC_WARN_UNUSED_VARIABLE = YES;
				IPHONEOS_DEPLOYMENT_TARGET = 15.5;
				MTL_ENABLE_DEBUG_INFO = NO;
				MTL_FAST_MATH = YES;
				SDKROOT = iphoneos;
				SWIFT_COMPILATION_MODE = wholemodule;
				SWIFT_OPTIMIZATION_LEVEL = "-O";
				VALIDATE_PRODUCT = YES;
			};
			name = Release;
		};
		98E23C8F28D1F63E0007DFAE /* Debug */ = {
			isa = XCBuildConfiguration;
			buildSettings = {
				ASSETCATALOG_COMPILER_APPICON_NAME = AppIcon;
				ASSETCATALOG_COMPILER_GLOBAL_ACCENT_COLOR_NAME = AccentColor;
				CODE_SIGN_STYLE = Automatic;
				CURRENT_PROJECT_VERSION = 1;
				GENERATE_INFOPLIST_FILE = YES;
				INFOPLIST_FILE = TMDB_Assignment/Info.plist;
				INFOPLIST_KEY_UIApplicationSupportsIndirectInputEvents = YES;
				INFOPLIST_KEY_UILaunchStoryboardName = LaunchScreen;
				INFOPLIST_KEY_UIMainStoryboardFile = Main;
				INFOPLIST_KEY_UISupportedInterfaceOrientations_iPad = "UIInterfaceOrientationPortrait UIInterfaceOrientationPortraitUpsideDown UIInterfaceOrientationLandscapeLeft UIInterfaceOrientationLandscapeRight";
				INFOPLIST_KEY_UISupportedInterfaceOrientations_iPhone = "UIInterfaceOrientationPortrait UIInterfaceOrientationLandscapeLeft UIInterfaceOrientationLandscapeRight";
				LD_RUNPATH_SEARCH_PATHS = (
					"$(inherited)",
					"@executable_path/Frameworks",
				);
				MARKETING_VERSION = 1.0;
				PRODUCT_BUNDLE_IDENTIFIER = "com.taehwan.TMDB-Assignment";
				PRODUCT_NAME = "$(TARGET_NAME)";
				SWIFT_EMIT_LOC_STRINGS = YES;
				SWIFT_VERSION = 5.0;
				TARGETED_DEVICE_FAMILY = "1,2";
			};
			name = Debug;
		};
		98E23C9028D1F63E0007DFAE /* Release */ = {
			isa = XCBuildConfiguration;
			buildSettings = {
				ASSETCATALOG_COMPILER_APPICON_NAME = AppIcon;
				ASSETCATALOG_COMPILER_GLOBAL_ACCENT_COLOR_NAME = AccentColor;
				CODE_SIGN_STYLE = Automatic;
				CURRENT_PROJECT_VERSION = 1;
				GENERATE_INFOPLIST_FILE = YES;
				INFOPLIST_FILE = TMDB_Assignment/Info.plist;
				INFOPLIST_KEY_UIApplicationSupportsIndirectInputEvents = YES;
				INFOPLIST_KEY_UILaunchStoryboardName = LaunchScreen;
				INFOPLIST_KEY_UIMainStoryboardFile = Main;
				INFOPLIST_KEY_UISupportedInterfaceOrientations_iPad = "UIInterfaceOrientationPortrait UIInterfaceOrientationPortraitUpsideDown UIInterfaceOrientationLandscapeLeft UIInterfaceOrientationLandscapeRight";
				INFOPLIST_KEY_UISupportedInterfaceOrientations_iPhone = "UIInterfaceOrientationPortrait UIInterfaceOrientationLandscapeLeft UIInterfaceOrientationLandscapeRight";
				LD_RUNPATH_SEARCH_PATHS = (
					"$(inherited)",
					"@executable_path/Frameworks",
				);
				MARKETING_VERSION = 1.0;
				PRODUCT_BUNDLE_IDENTIFIER = "com.taehwan.TMDB-Assignment";
				PRODUCT_NAME = "$(TARGET_NAME)";
				SWIFT_EMIT_LOC_STRINGS = YES;
				SWIFT_VERSION = 5.0;
				TARGETED_DEVICE_FAMILY = "1,2";
			};
			name = Release;
		};
/* End XCBuildConfiguration section */

/* Begin XCConfigurationList section */
		98E23C7528D1F63D0007DFAE /* Build configuration list for PBXProject "TMDB_Assignment" */ = {
			isa = XCConfigurationList;
			buildConfigurations = (
				98E23C8C28D1F63E0007DFAE /* Debug */,
				98E23C8D28D1F63E0007DFAE /* Release */,
			);
			defaultConfigurationIsVisible = 0;
			defaultConfigurationName = Release;
		};
		98E23C8E28D1F63E0007DFAE /* Build configuration list for PBXNativeTarget "TMDB_Assignment" */ = {
			isa = XCConfigurationList;
			buildConfigurations = (
				98E23C8F28D1F63E0007DFAE /* Debug */,
				98E23C9028D1F63E0007DFAE /* Release */,
			);
			defaultConfigurationIsVisible = 0;
			defaultConfigurationName = Release;
		};
/* End XCConfigurationList section */

/* Begin XCRemoteSwiftPackageReference section */
		98004B4928D2C50A00BEB29D /* XCRemoteSwiftPackageReference "Alamofire" */ = {
			isa = XCRemoteSwiftPackageReference;
			repositoryURL = "https://github.com/Alamofire/Alamofire.git";
			requirement = {
				kind = upToNextMajorVersion;
				minimumVersion = 5.0.0;
			};
		};
		98004B4C28D2C51600BEB29D /* XCRemoteSwiftPackageReference "Kingfisher" */ = {
			isa = XCRemoteSwiftPackageReference;
			repositoryURL = "https://github.com/onevcat/Kingfisher.git";
			requirement = {
				kind = upToNextMajorVersion;
				minimumVersion = 7.0.0;
			};
		};
		98004B4F28D2C52A00BEB29D /* XCRemoteSwiftPackageReference "SwiftyJSON" */ = {
			isa = XCRemoteSwiftPackageReference;
			repositoryURL = "https://github.com/SwiftyJSON/SwiftyJSON.git";
			requirement = {
				kind = upToNextMajorVersion;
				minimumVersion = 5.0.0;
			};
		};
/* End XCRemoteSwiftPackageReference section */

/* Begin XCSwiftPackageProductDependency section */
		98004B4A28D2C50A00BEB29D /* Alamofire */ = {
			isa = XCSwiftPackageProductDependency;
			package = 98004B4928D2C50A00BEB29D /* XCRemoteSwiftPackageReference "Alamofire" */;
			productName = Alamofire;
		};
		98004B4D28D2C51700BEB29D /* Kingfisher */ = {
			isa = XCSwiftPackageProductDependency;
			package = 98004B4C28D2C51600BEB29D /* XCRemoteSwiftPackageReference "Kingfisher" */;
			productName = Kingfisher;
		};
		98004B5028D2C52A00BEB29D /* SwiftyJSON */ = {
			isa = XCSwiftPackageProductDependency;
			package = 98004B4F28D2C52A00BEB29D /* XCRemoteSwiftPackageReference "SwiftyJSON" */;
			productName = SwiftyJSON;
		};
/* End XCSwiftPackageProductDependency section */
	};
	rootObject = 98E23C7228D1F63D0007DFAE /* Project object */;
}
